
Microsoft Visual Studio Solution File, Format Version 12.00
# Visual Studio 15
VisualStudioVersion = 15.0.28307.539
MinimumVisualStudioVersion = 10.0.40219.1
Project("{8BC9CEB8-8B4A-11D0-8D11-00A0C91BC942}") = "ConsoleApplication1", "ConsoleApplication1\ConsoleApplication1.vcxproj", "{C1FA4E10-3A88-4068-9412-8357E0E25CB6}"
EndProject
Global
	GlobalSection(SolutionConfigurationPlatforms) = preSolution
		Debug|x64 = Debug|x64
		Debug|x86 = Debug|x86
		Release|x64 = Release|x64
		Release|x86 = Release|x86
	EndGlobalSection
	GlobalSection(ProjectConfigurationPlatforms) = postSolution
		{C1FA4E10-3A88-4068-9412-8357E0E25CB6}.Debug|x64.ActiveCfg = Debug|x64
		{C1FA4E10-3A88-4068-9412-8357E0E25CB6}.Debug|x64.Build.0 = Debug|x64
		{C1FA4E10-3A88-4068-9412-8357E0E25CB6}.Debug|x86.ActiveCfg = Debug|Win32
		{C1FA4E10-3A88-4068-9412-8357E0E25CB6}.Debug|x86.Build.0 = Debug|Win32
		{C1FA4E10-3A88-4068-9412-8357E0E25CB6}.Release|x64.ActiveCfg = Release|x64
		{C1FA4E10-3A88-4068-9412-8357E0E25CB6}.Release|x64.Build.0 = Release|x64
		{C1FA4E10-3A88-4068-9412-8357E0E25CB6}.Release|x86.ActiveCfg = Release|Win32
		{C1FA4E10-3A88-4068-9412-8357E0E25CB6}.Release|x86.Build.0 = Release|Win32
	EndGlobalSection
	GlobalSection(SolutionProperties) = preSolution
		HideSolutionNode = FALSE
	EndGlobalSection
	GlobalSection(ExtensibilityGlobals) = postSolution
		SolutionGuid = {A65E4298-4315-4B41-A048-AFC9C03CED58}
	EndGlobalSection
EndGlobal
